github.com/Kodeworks/golang-image-ico v0.0.0-20141118225523-73f0f4cfade9 h1:1ltqoej5GtaWF8jaiA49HwsZD459jqm9YFz9ZtMFpQA=
github.com/Kodeworks/golang-image-ico v0.0.0-20141118225523-73f0f4cfade9/go.mod h1:7uhhqiBaR4CpN0k9rMjOtjpcfGd6DG2m04zQxKnWQ0I=
github.com/akavel/rsrc v0.8.0 h1:zjWn7ukO9Kc5Q62DOJCcxGpXC18RawVtYAGdz2aLlfw=
github.com/akavel/rsrc v0.8.0/go.mod h1:uLoCtb9J+EyAqh+26kdrTgmzRBFPGOolLWKpdxkKq+c=
github.com/bluebugs/gl v0.0.0-20200208014546-e97b2cbf32a6 h1:iArDknVb9M24XnTDY2cPfpis3LNsPP1gnpHAQ5IpJHQ=
github.com/bluebugs/gl v0.0.0-20200208014546-e97b2cbf32a6/go.mod h1:dlJMr1ExrLN1cwIaSBgm4BQ9TVki3ny9XykLM6u5swE=
github.com/bluebugs/gl v0.0.0-20200208015030-6f6f4957e4a2 h1:LVqW+Rh4xGuaIsuabbcVsXeRuPJKE+wlmPvnbHs9lZI=
github.com/bluebugs/gl v0.0.0-20200208015030-6f6f4957e4a2/go.mod h1:dlJMr1ExrLN1cwIaSBgm4BQ9TVki3ny9XykLM6u5swE=
github.com/bluebugs/gl v0.0.0-20200210234106-5357262a65d5 h1:f91JF4t47n9CVbwk2SZIbGT+fVyPJ3rgBm0BXM2x2Wo=
github.com/bluebugs/gl v0.0.0-20200210234106-5357262a65d5/go.mod h1:dlJMr1ExrLN1cwIaSBgm4BQ9TVki3ny9XykLM6u5swE=
github.com/bluebugs/gl v0.0.0-20200211011328-ff0982c5999a h1:9r4fc7QCgVJGGtyPycNNO2u8T5kOc9/ZIo8R8jUzGwc=
github.com/bluebugs/gl v0.0.0-20200211011328-ff0982c5999a/go.mod h1:dlJMr1ExrLN1cwIaSBgm4BQ9TVki3ny9XykLM6u5swE=
github.com/bluebugs/gl v0.0.0-20200211011510-f480c7ab4320 h1:b5Hne3OqnfvyEFADcbmtS69WZL9fy8iMBAkZdQqsCaA=
github.com/bluebugs/gl v0.0.0-20200211011510-f480c7ab4320/go.mod h1:dlJMr1ExrLN1cwIaSBgm4BQ9TVki3ny9XykLM6u5swE=
github.com/bluebugs/gl v0.0.0-20200211011637-841dc97c2d99 h1:VIQmfDlytVSu+SXq2dXcarnVLyXAyWZAzFDI34YzRgs=
github.com/bluebugs/gl v0.0.0-20200211011637-841dc97c2d99/go.mod h1:dlJMr1ExrLN1cwIaSBgm4BQ9TVki3ny9XykLM6u5swE=
github.com/bluebugs/gl v0.0.0-20200211185413-f48bfa23d85f h1:i49aPRtnuI7NWr6vHxbZhik15V6AvEKPeBAQM0qgSCU=
github.com/bluebugs/gl v0.0.0-20200211185413-f48bfa23d85f/go.mod h1:dlJMr1ExrLN1cwIaSBgm4BQ9TVki3ny9XykLM6u5swE=
github.com/bluebugs/gl v0.0.0-20200211192033-839d9c9924ca h1:qxu5gdkqvdCFYNFERFM5u9PdD+58wbHRtCB4AuOlfBY=
github.com/bluebugs/gl v0.0.0-20200211192033-839d9c9924ca/go.mod h1:dlJMr1ExrLN1cwIaSBgm4BQ9TVki3ny9XykLM6u5swE=
github.com/bluebugs/gl v0.0.0-20200211192242-b369593f1664 h1:xu3BeXRnAvrIJUAAMbXheWaiq056W7GO/AvhqJMemOc=
github.com/bluebugs/gl v0.0.0-20200211192242-b369593f1664/go.mod h1:dlJMr1ExrLN1cwIaSBgm4BQ9TVki3ny9XykLM6u5swE=
github.com/bluebugs/gl v0.0.0-20200212210634-09a9fdd5a422 h1:K2gHJ4dVCED6S5Fj86ZtELEUZAeRY/egYblI+HbSGww=
github.com/bluebugs/gl v0.0.0-20200212210634-09a9fdd5a422/go.mod h1:dlJMr1ExrLN1cwIaSBgm4BQ9TVki3ny9XykLM6u5swE=
github.com/bluebugs/gl v0.0.0-20200212234222-c07c2516f7e8 h1:gBrbj+9WdnSxgKvwYZomUiW1oGGiHyNFlO9l/EobeLM=
github.com/bluebugs/gl v0.0.0-20200212234222-c07c2516f7e8/go.mod h1:dlJMr1ExrLN1cwIaSBgm4BQ9TVki3ny9XykLM6u5swE=
github.com/bluebugs/gl v0.0.0-20200212235905-2880b2600eb9 h1:iTMo8BFqjM28Iya3eXbysTmcjkYieJl+6+n7/UC/xIo=
github.com/bluebugs/gl v0.0.0-20200212235905-2880b2600eb9/go.mod h1:dlJMr1ExrLN1cwIaSBgm4BQ9TVki3ny9XykLM6u5swE=
github.com/bluebugs/gl v0.0.0-20200213000148-b72f4b5be1d9 h1:83+3hhd0MPJDFrgGayqWIMNCU8jkn8wSfXPW/YSOdOw=
github.com/bluebugs/gl v0.0.0-20200213000148-b72f4b5be1d9/go.mod h1:dlJMr1ExrLN1cwIaSBgm4BQ9TVki3ny9XykLM6u5swE=
github.com/bluebugs/gl v0.0.0-20200330000136-df07007d5bf7 h1:Kl7DVrn1k5JETlfqP2lCJGIpBd7RAdQ1Slp7uDlzZf8=
github.com/bluebugs/gl v0.0.0-20200330000136-df07007d5bf7/go.mod h1:dlJMr1ExrLN1cwIaSBgm4BQ9TVki3ny9XykLM6u5swE=
github.com/bluebugs/gl v0.0.0-20200330001756-07adda82766a h1:rY3zkveu0WfskN8lQDN64YJSfcnFhcicS2xeLy3HfJQ=
github.com/bluebugs/gl v0.0.0-20200330001756-07adda82766a/go.mod h1:dlJMr1ExrLN1cwIaSBgm4BQ9TVki3ny9XykLM6u5swE=
github.com/bluebugs/gl v0.0.0-20200426174443-a7d1f8c82650 h1:OMEmBISJcoeEffbbEy2Cg3DWF0U9PLcqzguJEiO7dvY=
github.com/bluebugs/gl v0.0.0-20200426174443-a7d1f8c82650/go.mod h1:dlJMr1ExrLN1cwIaSBgm4BQ9TVki3ny9XykLM6u5swE=
github.com/bluebugs/glfw v0.0.0-20180912075414-b44d6b5d1c61 h1:K4tZid3CffeVOyqAz2Lj8WxGNrO4TAHRjkxX7SRaQGc=
github.com/bluebugs/glfw v0.0.0-20180912075414-b44d6b5d1c61/go.mod h1:II5YSkoA7Fiz37hQD0KdxTu92VcqS/zax4Iq+2/0uS8=
github.com/bluebugs/glfw v0.0.0-20200204224109-c6ccb89c6307 h1:8FD4GIDZBzvKBYxkI8d4GKVJcQaBpsYrv5w/HLUo0zc=
github.com/bluebugs/glfw v0.0.0-20200204224109-c6ccb89c6307/go.mod h1:II5YSkoA7Fiz37hQD0KdxTu92VcqS/zax4Iq+2/0uS8=
github.com/bluebugs/glfw v0.0.0-20200205002549-1b4295fb1408 h1:/cz+J/Tyd7HqX+5yiwXSu1gLL/v5bXK6X24BmgcznKw=
github.com/bluebugs/glfw v0.0.0-20200205002549-1b4295fb1408/go.mod h1:II5YSkoA7Fiz37hQD0KdxTu92VcqS/zax4Iq+2/0uS8=
github.com/bluebugs/glfw v0.0.0-20200205003453-659ce5e70365 h1:z7GrAlIIewMWyyWqSk8yPSvxgYctyMFKa/XbD4ibFik=
github.com/bluebugs/glfw v0.0.0-20200205003453-659ce5e70365/go.mod h1:II5YSkoA7Fiz37hQD0KdxTu92VcqS/zax4Iq+2/0uS8=
github.com/bluebugs/glfw v0.0.0-20200205005223-8a4cee9c8fe3 h1:vej0Sd0RFxZCQfU/R/Oh3SgxbturdbFt3JKcQHJpsVQ=
github.com/bluebugs/glfw v0.0.0-20200205005223-8a4cee9c8fe3/go.mod h1:II5YSkoA7Fiz37hQD0KdxTu92VcqS/zax4Iq+2/0uS8=
github.com/bluebugs/glfw v0.0.0-20200205005429-77bc3cf29ee3 h1:DjvL8hGSp5LxD05EhKoI4uiH7JbxmeH2T3HjYTbSxdI=
github.com/bluebugs/glfw v0.0.0-20200205005429-77bc3cf29ee3/go.mod h1:II5YSkoA7Fiz37hQD0KdxTu92VcqS/zax4Iq+2/0uS8=
github.com/bluebugs/glfw v0.0.0-20200205005930-28a5e9cc47b0 h1:6IyntfxiAJEYTgp66uQJWkWTF7HKNTTrc99cgEiGPjM=
github.com/bluebugs/glfw v0.0.0-20200205005930-28a5e9cc47b0/go.mod h1:II5YSkoA7Fiz37hQD0KdxTu92VcqS/zax4Iq+2/0uS8=
github.com/bluebugs/glfw v0.0.0-20200205010251-420614082014 h1:aQQnk36cwFOuIoq91qYdW1InHalJRHr8iFVkzSagT+A=
github.com/bluebugs/glfw v0.0.0-20200205010251-420614082014/go.mod h1:II5YSkoA7Fiz37hQD0KdxTu92VcqS/zax4Iq+2/0uS8=
github.com/bluebugs/glfw v0.0.0-20200211190534-fc0ad1429323 h1:oMh004yDdq7mj0TylZNz9Uycdfgn6dObUfosyxQfzXA=
github.com/bluebugs/glfw v0.0.0-20200211190534-fc0ad1429323/go.mod h1:II5YSkoA7Fiz37hQD0KdxTu92VcqS/zax4Iq+2/0uS8=
github.com/bluebugs/glfw v0.0.0-20200211190844-85026d9764a3 h1:yjgvcCbCLa/FSdOZ1pSrEQ/q7dLySR6mTvZzwqH9sxw=
github.com/bluebugs/glfw v0.0.0-20200211190844-85026d9764a3/go.mod h1:II5YSkoA7Fiz37hQD0KdxTu92VcqS/zax4Iq+2/0uS8=
github.com/bluebugs/glfw v0.0.0-20200211191206-7771d16556e3 h1:YXpwGX/uqnMLU3XQV24S6eB1UqNr4b0+KrP5OMq1jnY=
github.com/bluebugs/glfw v0.0.0-20200211191206-7771d16556e3/go.mod h1:II5YSkoA7Fiz37hQD0KdxTu92VcqS/zax4Iq+2/0uS8=
github.com/bluebugs/glfw v0.0.0-20200212234449-fd592d03eccc h1:ncpiwnEYBtjqBC7pEITI6nMCJoFaRoDX5iQ0yFPmhFU=
github.com/bluebugs/glfw v0.0.0-20200212234449-fd592d03eccc/go.mod h1:II5YSkoA7Fiz37hQD0KdxTu92VcqS/zax4Iq+2/0uS8=
github.com/bluebugs/glfw v0.0.0-20200213002101-b8ea1651a4c4 h1:tPYIb7oUqCyzRHWqUDwvsQrz+z6pG7pt0ktHQC6tj0o=
github.com/bluebugs/glfw v0.0.0-20200213002101-b8ea1651a4c4/go.mod h1:II5YSkoA7Fiz37hQD0KdxTu92VcqS/zax4Iq+2/0uS8=
github.com/bluebugs/glfw v0.0.0-20200214003149-45a8fb8b5306 h1:FEy/1S8tWnpjdKvNkbO+WzbeIHIKylCjg01nvwIFRDE=
github.com/bluebugs/glfw v0.0.0-20200214003149-45a8fb8b5306/go.mod h1:II5YSkoA7Fiz37hQD0KdxTu92VcqS/zax4Iq+2/0uS8=
github.com/bluebugs/glfw v0.0.0-20200214003447-6028edad81bb h1:SMlsv+E6T9VO1n6qa6cZrJ/HXrU2MUlZHnwWJ3swdi0=
github.com/bluebugs/glfw v0.0.0-20200214003447-6028edad81bb/go.mod h1:II5YSkoA7Fiz37hQD0KdxTu92VcqS/zax4Iq+2/0uS8=
github.com/bluebugs/glfw v0.0.0-20200214003635-faa96bfda2ec h1:WuOPZCY4Jhn+yt8yVzJ0K0ZywOQtHTCXeBjqtXkmTds=
github.com/bluebugs/glfw v0.0.0-20200214003635-faa96bfda2ec/go.mod h1:II5YSkoA7Fiz37hQD0KdxTu92VcqS/zax4Iq+2/0uS8=
github.com/bluebugs/glfw v0.0.0-20200214003734-9815e2404a4e h1:4xhNMmw3qIuPYI5nJWiIW2kRw+zQZQNyXxVfXnQ0EdI=
github.com/bluebugs/glfw v0.0.0-20200214003734-9815e2404a4e/go.mod h1:II5YSkoA7Fiz37hQD0KdxTu92VcqS/zax4Iq+2/0uS8=
github.com/bluebugs/glfw v0.0.0-20200214003918-7dcf1210aacf h1:05GRRj0ym3A8mZEDKaj1FN6WQWWfxv7wf5TIqjwcVKg=
github.com/bluebugs/glfw v0.0.0-20200214003918-7dcf1210aacf/go.mod h1:II5YSkoA7Fiz37hQD0KdxTu92VcqS/zax4Iq+2/0uS8=
github.com/bluebugs/glfw v0.0.0-20200214182051-45bd73dea7e4 h1:+q5vk7+24O3p2Kh86T/tjLQUGZ5TwY7fMN2rPPt+qK0=
github.com/bluebugs/glfw v0.0.0-20200214182051-45bd73dea7e4/go.mod h1:II5YSkoA7Fiz37hQD0KdxTu92VcqS/zax4Iq+2/0uS8=
github.com/bluebugs/glfw v0.0.0-20200216223201-83a330fc34fd h1:HsZIMCblM7QGlS2B5atPIjknFRJj+ZrtN/bauI4/eyc=
github.com/bluebugs/glfw v0.0.0-20200216223201-83a330fc34fd/go.mod h1:II5YSkoA7Fiz37hQD0KdxTu92VcqS/zax4Iq+2/0uS8=
github.com/bluebugs/glfw v0.0.0-20200216223821-574df131c9b7 h1:JRx0mv7jvqHJTuU3TFv70vlwHeoMS1b7JZtx5XgpOlY=
github.com/bluebugs/glfw v0.0.0-20200216223821-574df131c9b7/go.mod h1:II5YSkoA7Fiz37hQD0KdxTu92VcqS/zax4Iq+2/0uS8=
github.com/bluebugs/glfw v0.0.0-20200216223959-c1d9f2e3b9d0 h1:HQ0Zzwo8rR1i+iyeBo5QiPT8tvl7WJjXI8mrqRL9slA=
github.com/bluebugs/glfw v0.0.0-20200216223959-c1d9f2e3b9d0/go.mod h1:II5YSkoA7Fiz37hQD0KdxTu92VcqS/zax4Iq+2/0uS8=
github.com/bluebugs/glfw v0.0.0-20200216224318-4890d6e3adcb h1:newkFsrgXpgj38+Grs7djdchsTPPpuFwG6cftErEWko=
github.com/bluebugs/glfw v0.0.0-20200216224318-4890d6e3adcb/go.mod h1:II5YSkoA7Fiz37hQD0KdxTu92VcqS/zax4Iq+2/0uS8=
github.com/bluebugs/glfw v0.0.0-20200216224909-ac35f6e01c48 h1:MGQw7AHMjR7ogLwDzhLWHGFfsw2SZ6yCGeGMMxvynrs=
github.com/bluebugs/glfw v0.0.0-20200216224909-ac35f6e01c48/go.mod h1:II5YSkoA7Fiz37hQD0KdxTu92VcqS/zax4Iq+2/0uS8=
github.com/bluebugs/glfw v0.0.0-20200216232007-a01fd61ea4be h1:f91RJF2vdJ1mupABV0dx0Pe5SSxMTUQD4dcPycMcPuA=
github.com/bluebugs/glfw v0.0.0-20200216232007-a01fd61ea4be/go.mod h1:II5YSkoA7Fiz37hQD0KdxTu92VcqS/zax4Iq+2/0uS8=
github.com/bluebugs/glfw v0.0.0-20200216232308-2d45632f0e98 h1:Ox+kqkwYDCWQxC8aEc0On9bMilufjHZ4yuMXuGl1Jc4=
github.com/bluebugs/glfw v0.0.0-20200216232308-2d45632f0e98/go.mod h1:II5YSkoA7Fiz37hQD0KdxTu92VcqS/zax4Iq+2/0uS8=
github.com/bluebugs/glfw v0.0.0-20200217202728-7a2dbf31f657 h1:wkFusiJRGbLbzthO5lnHfnpwlOLdSzIzbC3LKyQlJvQ=
github.com/bluebugs/glfw v0.0.0-20200217202728-7a2dbf31f657/go.mod h1:II5YSkoA7Fiz37hQD0KdxTu92VcqS/zax4Iq+2/0uS8=
github.com/bluebugs/glfw v0.0.0-20200217204242-3c4a71bc57f5 h1:mbCAtJ+L87lmzAxP7gHMIn7rcwKc7KGahLNCNYIxFSk=
github.com/bluebugs/glfw v0.0.0-20200217204242-3c4a71bc57f5/go.mod h1:II5YSkoA7Fiz37hQD0KdxTu92VcqS/zax4Iq+2/0uS8=
github.com/bluebugs/glfw v0.0.0-20200217204525-419380b71783 h1:5IHrs4ktKwXXj6U0x792ntfOZCU7csp8ac06c1sC+3E=
github.com/bluebugs/glfw v0.0.0-20200217204525-419380b71783/go.mod h1:II5YSkoA7Fiz37hQD0KdxTu92VcqS/zax4Iq+2/0uS8=
github.com/bluebugs/glfw v0.0.0-20200217204657-9cf4566f98ba h1:e0/aVzi6x1ovQlBOTwO/yUXqUsURtp+TPPIfGrKWJtc=
github.com/bluebugs/glfw v0.0.0-20200217204657-9cf4566f98ba/go.mod h1:II5YSkoA7Fiz37hQD0KdxTu92VcqS/zax4Iq+2/0uS8=
github.com/bluebugs/glfw v0.0.0-20200217213539-0258d78a9239 h1:Kmrq7ad317CELnZWluQB4cvHkgjsM1rApSqN2FXHYNY=
github.com/bluebugs/glfw v0.0.0-20200217213539-0258d78a9239/go.mod h1:II5YSkoA7Fiz37hQD0KdxTu92VcqS/zax4Iq+2/0uS8=
github.com/bluebugs/glfw v0.0.0-20200217213657-1fb6183c49cb h1:oRfNYQg6C3B3xpaMD63hm776VL4CXEUjYNrbhz014dQ=
github.com/bluebugs/glfw v0.0.0-20200217213657-1fb6183c49cb/go.mod h1:II5YSkoA7Fiz37hQD0KdxTu92VcqS/zax4Iq+2/0uS8=
github.com/bluebugs/glfw v0.0.0-20200217214736-584dda2352cc h1:83D0csDPXgF9NjrzvmcrD8ejT8Is/1r6Oi6thE/Riko=
github.com/bluebugs/glfw v0.0.0-20200217214736-584dda2352cc/go.mod h1:II5YSkoA7Fiz37hQD0KdxTu92VcqS/zax4Iq+2/0uS8=
github.com/bluebugs/glfw v0.0.0-20200330002318-6b7ef8d0dcad h1:o4v0J1uCT02i4lIkJKozcullACn/MuDMqikNXMoRoU8=
github.com/bluebugs/glfw v0.0.0-20200330002318-6b7ef8d0dcad/go.mod h1:II5YSkoA7Fiz37hQD0KdxTu92VcqS/zax4Iq+2/0uS8=
github.com/bluebugs/glfw v0.0.0-20200330002621-bce08b4fb7d8 h1:2cOZBb73szMXEXcCxCuw3B38oNMFUJy8sCpSTgj3sAg=
github.com/bluebugs/glfw v0.0.0-20200330002621-bce08b4fb7d8/go.mod h1:II5YSkoA7Fiz37hQD0KdxTu92VcqS/zax4Iq+2/0uS8=
github.com/bluebugs/glfw v0.0.0-20200330011604-90e543ac1f90 h1:EW25OGMSMb6cIdGvPeZ1veTzK7PV9lM6wcbrehZ5PZA=
github.com/bluebugs/glfw v0.0.0-20200330011604-90e543ac1f90/go.mod h1:II5YSkoA7Fiz37hQD0KdxTu92VcqS/zax4Iq+2/0uS8=
github.com/bluebugs/glfw v0.0.0-20200404210302-038a13a62a7a h1:eXx/jn5F1+/4Rr1sj/zxwPZNCtFj1L7DAL9gMyTJDXE=
github.com/bluebugs/glfw v0.0.0-20200404210302-038a13a62a7a/go.mod h1:II5YSkoA7Fiz37hQD0KdxTu92VcqS/zax4Iq+2/0uS8=
github.com/bluebugs/glfw v0.0.0-20200404211225-bda6caba5ca6 h1:p+XsSkeJ9YGl9NDiFbh1WbvIvc5JtxpMzqnCa23HRkM=
github.com/bluebugs/glfw v0.0.0-20200404211225-bda6caba5ca6/go.mod h1:II5YSkoA7Fiz37hQD0KdxTu92VcqS/zax4Iq+2/0uS8=
github.com/bluebugs/glfw v0.0.0-20200404211827-89777128c29e h1:qToqQfleq4Bn7w+tn2mzOyWprrAfPBChXwg9kvcYwVg=
github.com/bluebugs/glfw v0.0.0-20200404211827-89777128c29e/go.mod h1:II5YSkoA7Fiz37hQD0KdxTu92VcqS/zax4Iq+2/0uS8=
github.com/bluebugs/glfw v0.0.0-20200404212724-0a040530a64c h1:SKEuwwbpInygvhe1+SjP8ndNiMlR6V6+VZGeGlQeDXA=
github.com/bluebugs/glfw v0.0.0-20200404212724-0a040530a64c/go.mod h1:II5YSkoA7Fiz37hQD0KdxTu92VcqS/zax4Iq+2/0uS8=
github.com/bluebugs/glfw v0.0.0-20200404213204-55563d49fdb2 h1:5E3J6e1Q7RVFyrWFRk0mjQVwbiieqCI93nUy9zAchVs=
github.com/bluebugs/glfw v0.0.0-20200404213204-55563d49fdb2/go.mod h1:II5YSkoA7Fiz37hQD0KdxTu92VcqS/zax4Iq+2/0uS8=
github.com/bluebugs/glfw v0.0.0-20200404213742-00f5bc93083a h1:HjjGPR+QEm2IprCC+X8xPxrqV8OKA1lJOp1IBKbi5Qg=
github.com/bluebugs/glfw v0.0.0-20200404213742-00f5bc93083a/go.mod h1:II5YSkoA7Fiz37hQD0KdxTu92VcqS/zax4Iq+2/0uS8=
github.com/bluebugs/glfw v0.0.0-20200404214441-1ab7a7cf5248 h1:7I6AGgnkzAF025b87pBAbpNiQg49K4/RsblBUtKT5HE=
github.com/bluebugs/glfw v0.0.0-20200404214441-1ab7a7cf5248/go.mod h1:II5YSkoA7Fiz37hQD0KdxTu92VcqS/zax4Iq+2/0uS8=
github.com/bluebugs/glfw v0.0.0-20200404215440-86c8c7efde4d h1:9rwxoDDckUig09/G5k2wFLWAF1YyFTQ1ddWXb33hl64=
github.com/bluebugs/glfw v0.0.0-20200404215440-86c8c7efde4d/go.mod h1:II5YSkoA7Fiz37hQD0KdxTu92VcqS/zax4Iq+2/0uS8=
github.com/bluebugs/glfw v0.0.0-20200404221343-0cf4462f16fe h1:0oyO+VesvM0huEQ77K+Kaw87hWJK65sBz6bI18AUZaw=
github.com/bluebugs/glfw v0.0.0-20200404221343-0cf4462f16fe/go.mod h1:II5YSkoA7Fiz37hQD0KdxTu92VcqS/zax4Iq+2/0uS8=
github.com/bluebugs/glfw v0.0.0-20200404221611-34a71d15e3c4 h1:Q0oA/icYC35as3/H0i9/EpDsBFzYT2As7rOh1TrxYdc=
github.com/bluebugs/glfw v0.0.0-20200404221611-34a71d15e3c4/go.mod h1:II5YSkoA7Fiz37hQD0KdxTu92VcqS/zax4Iq+2/0uS8=
github.com/bluebugs/glfw v0.0.0-20200405220940-e5b146a81e99 h1:q5wZxlqz1W7ybIh9ah55WgxbJA7rpE96EfzC8cQc6Tc=
github.com/bluebugs/glfw v0.0.0-20200405220940-e5b146a81e99/go.mod h1:II5YSkoA7Fiz37hQD0KdxTu92VcqS/zax4Iq+2/0uS8=
github.com/bluebugs/glfw v0.0.0-20200405222407-285be281c815 h1:3/SUGoXY7TAoHzSVAz0AdEsxSDq6S4Yo9aeLJRDRMVI=
github.com/bluebugs/glfw v0.0.0-20200405222407-285be281c815/go.mod h1:II5YSkoA7Fiz37hQD0KdxTu92VcqS/zax4Iq+2/0uS8=
github.com/bluebugs/glfw v0.0.0-20200405222950-9cae08e527a2 h1:S8WC5gb69NLSk1ExbacdSwy2Vs16kVrfHdkpEzfoHbA=
github.com/bluebugs/glfw v0.0.0-20200405222950-9cae08e527a2/go.mod h1:II5YSkoA7Fiz37hQD0KdxTu92VcqS/zax4Iq+2/0uS8=
github.com/bluebugs/glfw v0.0.0-20200405224842-8929448f99e9 h1:NMn2ZBJh0mmf5vxHEPF7Q9k9eUVfy2AipjumHqN6Ux8=
github.com/bluebugs/glfw v0.0.0-20200405224842-8929448f99e9/go.mod h1:II5YSkoA7Fiz37hQD0KdxTu92VcqS/zax4Iq+2/0uS8=
github.com/bluebugs/glfw v0.0.0-20200405225358-eaaf4f45d579 h1:YT8QImxnGOqvD1847Kef+rza8k+sL1B/fiqKbXDcYUQ=
github.com/bluebugs/glfw v0.0.0-20200405225358-eaaf4f45d579/go.mod h1:II5YSkoA7Fiz37hQD0KdxTu92VcqS/zax4Iq+2/0uS8=
github.com/bluebugs/glfw v0.0.0-20200411222017-ef3bdc96cd6b h1:JZW1peqBsqcuCPWJlty+EXuAfzRTWXGI2ZqV3yN/ZJU=
github.com/bluebugs/glfw v0.0.0-20200411222017-ef3bdc96cd6b/go.mod h1:II5YSkoA7Fiz37hQD0KdxTu92VcqS/zax4Iq+2/0uS8=
github.com/bluebugs/glfw v0.0.0-20200411222439-94a4d4aa8111 h1:VCrpBa16pjbDnVtreOA+g2D8rg8ROQrwOBsCdJCVda0=
github.com/bluebugs/glfw v0.0.0-20200411222439-94a4d4aa8111/go.mod h1:II5YSkoA7Fiz37hQD0KdxTu92VcqS/zax4Iq+2/0uS8=
github.com/bluebugs/glfw v0.0.0-20200412003802-c38cbecdfcbc h1:+F48frW+hS5LbgSi5zVWPvLupzhEN59CUpKZHBN5VnQ=
github.com/bluebugs/glfw v0.0.0-20200412003802-c38cbecdfcbc/go.mod h1:II5YSkoA7Fiz37hQD0KdxTu92VcqS/zax4Iq+2/0uS8=
github.com/bluebugs/glfw v0.0.0-20200412205514-9695d6712678 h1:8MJe0M/DCqTZ2nI9P6ot6zISy2ztS1bWtFlNTDhtbMY=
github.com/bluebugs/glfw v0.0.0-20200412205514-9695d6712678/go.mod h1:II5YSkoA7Fiz37hQD0KdxTu92VcqS/zax4Iq+2/0uS8=
github.com/bluebugs/glfw v0.0.0-20200412221150-8b0e35df11e1 h1:xgMy34rnDkg3TE0zEC0UukbfO2PoiJmrl1xo5IFtsGs=
github.com/bluebugs/glfw v0.0.0-20200412221150-8b0e35df11e1/go.mod h1:II5YSkoA7Fiz37hQD0KdxTu92VcqS/zax4Iq+2/0uS8=
github.com/bluebugs/glfw v0.0.0-20200412221944-bb4f2b83c72a h1:dR4Yl0oNpGIapm7d5vlGoyGCuXeVTQ27/uZUVCL7kKE=
github.com/bluebugs/glfw v0.0.0-20200412221944-bb4f2b83c72a/go.mod h1:II5YSkoA7Fiz37hQD0KdxTu92VcqS/zax4Iq+2/0uS8=
github.com/bluebugs/glfw v0.0.0-20200412222929-cdf2a8290ecb h1:3Y/xSUIdeqU7gsnIXaaDMKosw0L+pce+RjJeIC5V1BQ=
github.com/bluebugs/glfw v0.0.0-20200412222929-cdf2a8290ecb/go.mod h1:II5YSkoA7Fiz37hQD0KdxTu92VcqS/zax4Iq+2/0uS8=
github.com/bluebugs/glfw v0.0.0-20200412223219-bb4efc3c3139 h1:b8I3rNAJsaiEjpOO5mw4wnnyJju9EFa+Bid4qeO3H2Q=
github.com/bluebugs/glfw v0.0.0-20200412223219-bb4efc3c3139/go.mod h1:II5YSkoA7Fiz37hQD0KdxTu92VcqS/zax4Iq+2/0uS8=
github.com/bluebugs/glfw v0.0.0-20200412223440-9a50221d7e4d h1:RQ1T3/5fj2WuIBaVCExKqf5bem1uuqsUtZ+InBQLGYs=
github.com/bluebugs/glfw v0.0.0-20200412223440-9a50221d7e4d/go.mod h1:II5YSkoA7Fiz37hQD0KdxTu92VcqS/zax4Iq+2/0uS8=
github.com/bluebugs/glfw v0.0.0-20200412232250-c23b1d2b8aff h1:MiDQXeGoZBoZWAkxQb3WlcU5Csm7bMh042T+5pxFECQ=
github.com/bluebugs/glfw v0.0.0-20200412232250-c23b1d2b8aff/go.mod h1:II5YSkoA7Fiz37hQD0KdxTu92VcqS/zax4Iq+2/0uS8=
github.com/davecgh/go-spew v1.1.0 h1:ZDRjVQ15GmhC3fiQ8ni8+OwkZQO4DARzQgrnXU1Liz8=
github.com/davecgh/go-spew v1.1.0/go.mod h1:J7Y8YcW2NihsgmVo/mv3lAwl/skON4iLHjSsI+c5H38=
github.com/davecgh/go-spew v1.1.1 h1:vj9j/u1bqnvCEfJOwUhtlOARqs3+rkHYY13jYWTU97c=
github.com/davecgh/go-spew v1.1.1/go.mod h1:J7Y8YcW2NihsgmVo/mv3lAwl/skON4iLHjSsI+c5H38=
github.com/fsnotify/fsnotify v1.4.9 h1:hsms1Qyu0jgnwNXIxa+/V/PDsU6CfLf6CNO8H7IWoS4=
github.com/fsnotify/fsnotify v1.4.9/go.mod h1:znqG4EE+3YCdAaPaxE2ZRY/06pZUdp0tY4IgpuI1SZQ=
github.com/fyne-io/mobile v0.0.0-20200403124556-ac83d645d551 h1:dn0sIP619Xg4hiGDTt0UL0nwCvh28EQEPFcy7xPewjA=
github.com/fyne-io/mobile v0.0.0-20200403124556-ac83d645d551/go.mod h1:HhyeqDET1gM7/EpVmvg/NWEaljaiP7HvoEldAUaoxOw=
github.com/fyne-io/mobile v0.0.2-0.20200511203347-825e44fe5a95 h1:aj+YsmpJ5UY2YkUezODaM3XE0jS7TDBcWomFwpQCB1I=
github.com/fyne-io/mobile v0.0.2-0.20200511203347-825e44fe5a95/go.mod h1:/kOrWrZB6sasLbEy2JIvr4arEzQTXBTZGb3Y96yWbHY=
github.com/go-gl/gl v0.0.0-20190320180904-bf2b1f2f34d7 h1:SCYMcCJ89LjRGwEa0tRluNRiMjZHalQZrVrvTbPh+qw=
github.com/go-gl/gl v0.0.0-20190320180904-bf2b1f2f34d7/go.mod h1:482civXOzJJCPzJ4ZOX/pwvXBWSnzD4OKMdH4ClKGbk=
github.com/go-gl/glfw v0.0.0-20191125211704-12ad95a8df72 h1:LgLYrxDRSVv3kStk6louYTP1ekZ6t7HZY/X05KUyaeM=
github.com/go-gl/glfw v0.0.0-20191125211704-12ad95a8df72/go.mod h1:vR7hzQXu2zJy9AVAgeJqvqgH9Q5CA+iKCZ2gyEVpxRU=
github.com/go-gl/glfw/v3.3/glfw v0.0.0-20200222043503-6f7a984d4dc4 h1:WtGNWLvXpe6ZudgnXrq0barxBImvnnJoMEhXAzcbM0I=
github.com/go-gl/glfw/v3.3/glfw v0.0.0-20200222043503-6f7a984d4dc4/go.mod h1:tQ2UAYgL5IevRw8kRxooKSPJfGvJ9fJQFa0TUsXzTg8=
github.com/godbus/dbus/v5 v5.0.3 h1:ZqHaoEF7TBzh4jzPmqVhE/5A1z9of6orkAe5uHoAeME=
github.com/godbus/dbus/v5 v5.0.3/go.mod h1:xhWf0FNVPg57R7Z0UbKHbJfkEywrmjJnf7w5xrFpKfA=
github.com/goki/freetype v0.0.0-20181231101311-fa8a33aabaff h1:W71vTCKoxtdXgnm1ECDFkfQnpdqAO00zzGXLA5yaEX8=
github.com/goki/freetype v0.0.0-20181231101311-fa8a33aabaff/go.mod h1:wfqRWLHRBsRgkp5dmbG56SA0DmVtwrF5N3oPdI8t+Aw=
github.com/gopherjs/gopherjs v0.0.0-20191106031601-ce3c9ade29de h1:F7WD09S8QB4LrkEpka0dFPLSotH11HRpCsLIbIcJ7sU=
github.com/gopherjs/gopherjs v0.0.0-20191106031601-ce3c9ade29de/go.mod h1:wJfORRmW1u3UXTncJ5qlYoELFm8eSnnEO6hX4iZ3EWY=
github.com/jackmordaunt/icns v0.0.0-20181231085925-4f16af745526 h1:NfuKjkj/Xc2z1xZIj+EmNCm5p1nKJPyw3F4E20usXvg=
github.com/jackmordaunt/icns v0.0.0-20181231085925-4f16af745526/go.mod h1:UQkeMHVoNcyXYq9otUupF7/h/2tmHlhrS2zw7ZVvUqc=
github.com/josephspurrier/goversioninfo v0.0.0-20200309025242-14b0ab84c6ca h1:ozPUX9TKQZVek4lZWYRsQo7uS8vJ+q4OOHvRhHiCLfU=
github.com/josephspurrier/goversioninfo v0.0.0-20200309025242-14b0ab84c6ca/go.mod h1:eJTEwMjXb7kZ633hO3Ln9mBUCOjX2+FlTljvpl9SYdE=
github.com/kr/pty v1.1.1/go.mod h1:pFQYn66WHrOpPYNljwOMqo10TkYh1fy3cYio2l3bCsQ=
github.com/kr/text v0.1.0/go.mod h1:4Jbv+DJW3UT/LiOwJeYQe1efqtUx/iVham/4vfdArNI=
github.com/lucor/goinfo v0.0.0-20200401173949-526b5363a13a h1:4djPngMU3ttoFCf6DOgPNQYmxyNmRRmpLg4/uz2TTEg=
github.com/lucor/goinfo v0.0.0-20200401173949-526b5363a13a/go.mod h1:ORP3/rB5IsulLEBwQZCJyyV6niqmI7P4EWSmkug+1Ng=
github.com/nfnt/resize v0.0.0-20180221191011-83c6a9932646 h1:zYyBkD/k9seD2A7fsi6Oo2LfFZAehjjQMERAvZLEDnQ=
github.com/nfnt/resize v0.0.0-20180221191011-83c6a9932646/go.mod h1:jpp1/29i3P1S/RLdc7JQKbRpFeM1dOBd8T9ki5s+AY8=
github.com/niemeyer/pretty v0.0.0-20200227124842-a10e7caefd8e/go.mod h1:zD1mROLANZcx1PVRCS0qkT7pwLkGfwJo4zjcN/Tysno=
github.com/pkg/errors v0.8.0/go.mod h1:bwawxfHBFNV+L2hUp1rHADufV3IMtnDRdf1r5NINEl0=
github.com/pkg/errors v0.9.1 h1:FEBLx1zS214owpjy7qsBeixbURkuhQAwrK5UwLGTwt4=
github.com/pkg/errors v0.9.1/go.mod h1:bwawxfHBFNV+L2hUp1rHADufV3IMtnDRdf1r5NINEl0=
github.com/pmezard/go-difflib v1.0.0 h1:4DBwDE0NGyQoBHbLQYPwSUPoCMWR5BEzIk/f1lZbAQM=
github.com/pmezard/go-difflib v1.0.0/go.mod h1:iKH77koFhYxTK1pcRnkKkqfTogsbg7gZNVY4sRDYZ/4=
github.com/spf13/afero v1.1.2/go.mod h1:j4pytiNVoe2o6bmDsKpLACNPDBIoEAkihy7loJ1B0CQ=
github.com/spf13/pflag v1.0.3/go.mod h1:DYY7MBk1bdzusC3SYhjObp+wFpr4gzcvqqNjLnInEg4=
github.com/srwiley/oksvg v0.0.0-20200311192757-870daf9aa564 h1:HunZiaEKNGVdhTRQOVpMmj5MQnGnv+e8uZNu3xFLgyM=
github.com/srwiley/oksvg v0.0.0-20200311192757-870daf9aa564/go.mod h1:afMbS0qvv1m5tfENCwnOdZGOF8RGR/FsZ7bvBxQGZG4=
github.com/srwiley/rasterx v0.0.0-20200120212402-85cb7272f5e9 h1:m59mIOBO4kfcNCEzJNy71UkeF4XIx2EVmL9KLwDQdmM=
github.com/srwiley/rasterx v0.0.0-20200120212402-85cb7272f5e9/go.mod h1:mvWM0+15UqyrFKqdRjY6LuAVJR0HOVhJlEgZ5JWtSWU=
github.com/stretchr/objx v0.1.0/go.mod h1:HFkY916IF+rwdDfMAkV7OtwuqBVzrE8GR6GFx+wExME=
github.com/stretchr/testify v1.5.1 h1:nOGnQDM7FYENwehXlg/kFVnos3rEvtKTjRvOWSzb6H4=
github.com/stretchr/testify v1.5.1/go.mod h1:5W2xD1RspED5o8YsWQXVCued0rvSQ+mT+I5cxcmMvtA=
github.com/yuin/goldmark v1.1.25/go.mod h1:3hX8gzYuyVAZsxl0MRgGTJEmQBFcNTphYh9decYSb74=
github.com/yuin/goldmark v1.1.27/go.mod h1:3hX8gzYuyVAZsxl0MRgGTJEmQBFcNTphYh9decYSb74=
golang.org/x/crypto v0.0.0-20190308221718-c2843e01d9a2/go.mod h1:djNgcEr1/C05ACkg1iLfiJU5Ep61QUkGW8qpdssI0+w=
golang.org/x/crypto v0.0.0-20191011191535-87dc89f01550/go.mod h1:yigFU9vqHzYiE8UmvKecakEJjdnWj3jj499lnFckfCI=
golang.org/x/image v0.0.0-20190802002840-cff245a6509b/go.mod h1:FeLwcggjj3mMvU+oOTbSwawSJRM1uh48EjtB4UJZlP0=
golang.org/x/image v0.0.0-20200119044424-58c23975cae1 h1:5h3ngYt7+vXCDZCup/HkCQgW5XwmSvR/nA2JmJ0RErg=
golang.org/x/image v0.0.0-20200119044424-58c23975cae1/go.mod h1:FeLwcggjj3mMvU+oOTbSwawSJRM1uh48EjtB4UJZlP0=
golang.org/x/lint v0.0.0-20200302205851-738671d3881b h1:Wh+f8QHJXR411sJR8/vRBTZ7YapZaRvUcLFFJhusH0k=
golang.org/x/lint v0.0.0-20200302205851-738671d3881b/go.mod h1:3xt1FjdF8hUf6vQPIChWIBhFzV8gjjsPE/fR3IyQdNY=
golang.org/x/mod v0.1.1-0.20191105210325-c90efee705ee/go.mod h1:QqPTAvyqsEbceGzBzNggFXnrqF1CaUcvgkdR5Ot7KZg=
golang.org/x/mod v0.2.0 h1:KU7oHjnv3XNWfa5COkzUifxZmxp1TyI7ImMXqFxLwvQ=
golang.org/x/mod v0.2.0/go.mod h1:s0Qsj1ACt9ePp/hMypM3fl4fZqREWJwdYDEqhRiZZUA=
golang.org/x/net v0.0.0-20190404232315-eb5bcb51f2a3/go.mod h1:t9HGtf8HONx5eT2rtn7q6eTqICYqUVnKs3thJo3Qplg=
golang.org/x/net v0.0.0-20190620200207-3b0461eec859/go.mod h1:z5CRVTTTmAJ677TzLLGU+0bjPO0LkuOLi4/5GtJWs/s=
golang.org/x/net v0.0.0-20200226121028-0de0cce0169b/go.mod h1:z5CRVTTTmAJ677TzLLGU+0bjPO0LkuOLi4/5GtJWs/s=
golang.org/x/net v0.0.0-20200324143707-d3edc9973b7e h1:3G+cUijn7XD+S4eJFddp53Pv7+slrESplyjG25HgL+k=
golang.org/x/net v0.0.0-20200324143707-d3edc9973b7e/go.mod h1:qpuaurCH72eLCgpAm/N6yyVIVM9cpaDIP3A8BGJEC5A=
golang.org/x/sync v0.0.0-20190423024810-112230192c58/go.mod h1:RxMgew5VJxzue5/jJTE5uejpjVlOe/izrB70Jof72aM=
golang.org/x/sync v0.0.0-20190911185100-cd5d95a43a6e/go.mod h1:RxMgew5VJxzue5/jJTE5uejpjVlOe/izrB70Jof72aM=
golang.org/x/sys v0.0.0-20190215142949-d0b11bdaac8a/go.mod h1:STP8DvDyc/dI5b8T5hshtkjS+E42TnysNCUPdjciGhY=
golang.org/x/sys v0.0.0-20190412213103-97732733099d/go.mod h1:h1NjWce9XRLGQEsW7wpKNCjG9DtNlClVuFLEZdDNbEs=
golang.org/x/sys v0.0.0-20191005200804-aed5e4c7ecf9/go.mod h1:h1NjWce9XRLGQEsW7wpKNCjG9DtNlClVuFLEZdDNbEs=
golang.org/x/sys v0.0.0-20200323222414-85ca7c5b95cd/go.mod h1:h1NjWce9XRLGQEsW7wpKNCjG9DtNlClVuFLEZdDNbEs=
golang.org/x/sys v0.0.0-20200327173247-9dae0f8f5775 h1:TC0v2RSO1u2kn1ZugjrFXkRZAEaqMN/RW+OTZkBzmLE=
golang.org/x/sys v0.0.0-20200327173247-9dae0f8f5775/go.mod h1:h1NjWce9XRLGQEsW7wpKNCjG9DtNlClVuFLEZdDNbEs=
golang.org/x/text v0.3.0/go.mod h1:NqM8EUOU14njkJ3fqMW+pc6Ldnwhi/IjpwHt7yyuwOQ=
golang.org/x/text v0.3.2 h1:tW2bmiBqwgJj/UpqtC8EpXEZVYOwU0yG4iWbprSVAcs=
golang.org/x/text v0.3.2/go.mod h1:bEr9sfX3Q8Zfm5fL9x+3itogRgK3+ptLWKqgva+5dAk=
golang.org/x/tools v0.0.0-20180917221912-90fa682c2a6e/go.mod h1:n7NCudcB/nEzxVGmLbDWY5pfWTLqBcC2KZ6jyYvM4mQ=
golang.org/x/tools v0.0.0-20190808195139-e713427fea3f/go.mod h1:b+2E5dAYhXwXZwtnZ6UAqBI28+e2cm9otk0dWdXHAEo=
golang.org/x/tools v0.0.0-20191119224855-298f0cb1881e/go.mod h1:b+2E5dAYhXwXZwtnZ6UAqBI28+e2cm9otk0dWdXHAEo=
golang.org/x/tools v0.0.0-20200130002326-2f3ba24bd6e7/go.mod h1:TB2adYChydJhpapKDTa4BR/hXlZSLoq2Wpct/0txZ28=
golang.org/x/tools v0.0.0-20200328031815-3db5fc6bac03 h1:XpToik3MpT5iW3iHgNwnh3a8QwugfomvxOlyDnaOils=
golang.org/x/tools v0.0.0-20200328031815-3db5fc6bac03/go.mod h1:Sl4aGygMT6LrqrWclx+PTx3U+LnKx/seiNR+3G19Ar8=
golang.org/x/tools v0.0.0-20200410132612-ae9902aceb98 h1:ibc1eDGW5ajwA4qzFTj0WHlD9eofMe1gAre+A0a3Vhs=
golang.org/x/tools v0.0.0-20200410132612-ae9902aceb98/go.mod h1:EkVYQZoAsY45+roYkvgYkIh4xh/qjgUK9TdY2XT94GE=
golang.org/x/xerrors v0.0.0-20190717185122-a985d3407aa7/go.mod h1:I/5z698sn9Ka8TeJc9MKroUUfqBBauWjQqLJ2OPfmY0=
golang.org/x/xerrors v0.0.0-20191011141410-1b5146add898/go.mod h1:I/5z698sn9Ka8TeJc9MKroUUfqBBauWjQqLJ2OPfmY0=
golang.org/x/xerrors v0.0.0-20191204190536-9bdfabe68543 h1:E7g+9GITq07hpfrRu66IVDexMakfv52eLZ2CXBWiKr4=
golang.org/x/xerrors v0.0.0-20191204190536-9bdfabe68543/go.mod h1:I/5z698sn9Ka8TeJc9MKroUUfqBBauWjQqLJ2OPfmY0=
gopkg.in/check.v1 v0.0.0-20161208181325-20d25e280405/go.mod h1:Co6ibVJAznAaIkqp8huTwlJQCZ016jof/cbN4VW5Yz0=
gopkg.in/check.v1 v1.0.0-20200227125254-8fa46927fb4f/go.mod h1:Co6ibVJAznAaIkqp8huTwlJQCZ016jof/cbN4VW5Yz0=
gopkg.in/yaml.v2 v2.2.2/go.mod h1:hI93XBmqTisBFMUTm0b8Fm+jr3Dg1NNxqwp+5A1VGuI=
gopkg.in/yaml.v2 v2.2.8 h1:obN1ZagJSUGI0Ek/LBmuj4SNLPfIny3KsKFopxRdj10=
gopkg.in/yaml.v2 v2.2.8/go.mod h1:hI93XBmqTisBFMUTm0b8Fm+jr3Dg1NNxqwp+5A1VGuI=
honnef.co/go/js/dom v0.0.0-20190526011328-ebc4cf92d81f h1:b3Q9PqH+5NYHfIjNUEN+f8lYvBh9A25AX+kPh8dpYmc=
honnef.co/go/js/dom v0.0.0-20190526011328-ebc4cf92d81f/go.mod h1:sUMDUKNB2ZcVjt92UnLy3cdGs+wDAcrPdV3JP6sVgA4=
